// !$*UTF8*$!
{
	archiveVersion = 1;
	classes = {
	};
	objectVersion = 56;
	objects = {

/* Begin PBXBuildFile section */
		90A8CFD1294BB40100229742 /* AppDelegate.swift in Sources */ = {isa = PBXBuildFile; fileRef = 90A8CFD0294BB40100229742 /* AppDelegate.swift */; };
		90A8CFD3294BB40100229742 /* SceneDelegate.swift in Sources */ = {isa = PBXBuildFile; fileRef = 90A8CFD2294BB40100229742 /* SceneDelegate.swift */; };
		90A8CFD5294BB40100229742 /* ChessBoardViewController.swift in Sources */ = {isa = PBXBuildFile; fileRef = 90A8CFD4294BB40100229742 /* ChessBoardViewController.swift */; };
		90A8CFD8294BB40100229742 /* Main.storyboard in Resources */ = {isa = PBXBuildFile; fileRef = 90A8CFD6294BB40100229742 /* Main.storyboard */; };
		90A8CFDA294BB40300229742 /* Assets.xcassets in Resources */ = {isa = PBXBuildFile; fileRef = 90A8CFD9294BB40300229742 /* Assets.xcassets */; };
		90A8CFDD294BB40300229742 /* LaunchScreen.storyboard in Resources */ = {isa = PBXBuildFile; fileRef = 90A8CFDB294BB40300229742 /* LaunchScreen.storyboard */; };
		90A8CFE8294BB40300229742 /* AlternativeChessTests.swift in Sources */ = {isa = PBXBuildFile; fileRef = 90A8CFE7294BB40300229742 /* AlternativeChessTests.swift */; };
		BD505F492974270A00890A77 /* ChessEngine.swift in Sources */ = {isa = PBXBuildFile; fileRef = BD505F482974270A00890A77 /* ChessEngine.swift */; };
		BD505F4B2974273900890A77 /* ChessPiece.swift in Sources */ = {isa = PBXBuildFile; fileRef = BD505F4A2974273900890A77 /* ChessPiece.swift */; };
		BD505F4D2974276C00890A77 /* ChessBoard.swift in Sources */ = {isa = PBXBuildFile; fileRef = BD505F4C2974276C00890A77 /* ChessBoard.swift */; };
/* End PBXBuildFile section */

/* Begin PBXContainerItemProxy section */
		90A8CFE4294BB40300229742 /* PBXContainerItemProxy */ = {
			isa = PBXContainerItemProxy;
			containerPortal = 90A8CFC5294BB40100229742 /* Project object */;
			proxyType = 1;
			remoteGlobalIDString = 90A8CFCC294BB40100229742;
			remoteInfo = AlternativeChess;
		};
/* End PBXContainerItemProxy section */

/* Begin PBXFileReference section */
		90A8CFCD294BB40100229742 /* AlternativeChess.app */ = {isa = PBXFileReference; explicitFileType = wrapper.application; includeInIndex = 0; path = AlternativeChess.app; sourceTree = BUILT_PRODUCTS_DIR; };
		90A8CFD0294BB40100229742 /* AppDelegate.swift */ = {isa = PBXFileReference; lastKnownFileType = sourcecode.swift; path = AppDelegate.swift; sourceTree = "<group>"; };
		90A8CFD2294BB40100229742 /* SceneDelegate.swift */ = {isa = PBXFileReference; lastKnownFileType = sourcecode.swift; path = SceneDelegate.swift; sourceTree = "<group>"; };
		90A8CFD4294BB40100229742 /* ChessBoardViewController.swift */ = {isa = PBXFileReference; lastKnownFileType = sourcecode.swift; path = ChessBoardViewController.swift; sourceTree = "<group>"; };
		90A8CFD7294BB40100229742 /* Base */ = {isa = PBXFileReference; lastKnownFileType = file.storyboard; name = Base; path = Base.lproj/Main.storyboard; sourceTree = "<group>"; };
		90A8CFD9294BB40300229742 /* Assets.xcassets */ = {isa = PBXFileReference; lastKnownFileType = folder.assetcatalog; path = Assets.xcassets; sourceTree = "<group>"; };
		90A8CFDC294BB40300229742 /* Base */ = {isa = PBXFileReference; lastKnownFileType = file.storyboard; name = Base; path = Base.lproj/LaunchScreen.storyboard; sourceTree = "<group>"; };
		90A8CFDE294BB40300229742 /* Info.plist */ = {isa = PBXFileReference; lastKnownFileType = text.plist.xml; path = Info.plist; sourceTree = "<group>"; };
		90A8CFE3294BB40300229742 /* AlternativeChessTests.xctest */ = {isa = PBXFileReference; explicitFileType = wrapper.cfbundle; includeInIndex = 0; path = AlternativeChessTests.xctest; sourceTree = BUILT_PRODUCTS_DIR; };
		90A8CFE7294BB40300229742 /* AlternativeChessTests.swift */ = {isa = PBXFileReference; lastKnownFileType = sourcecode.swift; path = AlternativeChessTests.swift; sourceTree = "<group>"; };
		BD505F482974270A00890A77 /* ChessEngine.swift */ = {isa = PBXFileReference; lastKnownFileType = sourcecode.swift; path = ChessEngine.swift; sourceTree = "<group>"; };
		BD505F4A2974273900890A77 /* ChessPiece.swift */ = {isa = PBXFileReference; lastKnownFileType = sourcecode.swift; path = ChessPiece.swift; sourceTree = "<group>"; };
		BD505F4C2974276C00890A77 /* ChessBoard.swift */ = {isa = PBXFileReference; lastKnownFileType = sourcecode.swift; path = ChessBoard.swift; sourceTree = "<group>"; };
/* End PBXFileReference section */

/* Begin PBXFrameworksBuildPhase section */
		90A8CFCA294BB40100229742 /* Frameworks */ = {
			isa = PBXFrameworksBuildPhase;
			buildActionMask = 2147483647;
			files = (
			);
			runOnlyForDeploymentPostprocessing = 0;
		};
		90A8CFE0294BB40300229742 /* Frameworks */ = {
			isa = PBXFrameworksBuildPhase;
			buildActionMask = 2147483647;
			files = (
			);
			runOnlyForDeploymentPostprocessing = 0;
		};
/* End PBXFrameworksBuildPhase section */

/* Begin PBXGroup section */
		90A8CFC4294BB40100229742 = {
			isa = PBXGroup;
			children = (
				90A8CFCF294BB40100229742 /* AlternativeChess */,
				90A8CFE6294BB40300229742 /* AlternativeChessTests */,
				90A8CFCE294BB40100229742 /* Products */,
			);
			sourceTree = "<group>";
		};
		90A8CFCE294BB40100229742 /* Products */ = {
			isa = PBXGroup;
			children = (
				90A8CFCD294BB40100229742 /* AlternativeChess.app */,
				90A8CFE3294BB40300229742 /* AlternativeChessTests.xctest */,
			);
			name = Products;
			sourceTree = "<group>";
		};
		90A8CFCF294BB40100229742 /* AlternativeChess */ = {
			isa = PBXGroup;
			children = (
				90A8CFD0294BB40100229742 /* AppDelegate.swift */,
				90A8CFD2294BB40100229742 /* SceneDelegate.swift */,
				90A8CFD4294BB40100229742 /* ChessBoardViewController.swift */,
				BD505F4A2974273900890A77 /* ChessPiece.swift */,
				BD505F482974270A00890A77 /* ChessEngine.swift */,
				BD505F4C2974276C00890A77 /* ChessBoard.swift */,
				90A8CFD6294BB40100229742 /* Main.storyboard */,
				90A8CFD9294BB40300229742 /* Assets.xcassets */,
				90A8CFDB294BB40300229742 /* LaunchScreen.storyboard */,
				90A8CFDE294BB40300229742 /* Info.plist */,
			);
			path = AlternativeChess;
			sourceTree = "<group>";
		};
		90A8CFE6294BB40300229742 /* AlternativeChessTests */ = {
			isa = PBXGroup;
			children = (
				90A8CFE7294BB40300229742 /* AlternativeChessTests.swift */,
			);
			path = AlternativeChessTests;
			sourceTree = "<group>";
		};
/* End PBXGroup section */

/* Begin PBXNativeTarget section */
		90A8CFCC294BB40100229742 /* AlternativeChess */ = {
			isa = PBXNativeTarget;
			buildConfigurationList = 90A8CFF7294BB40400229742 /* Build configuration list for PBXNativeTarget "AlternativeChess" */;
			buildPhases = (
				90A8CFC9294BB40100229742 /* Sources */,
				90A8CFCA294BB40100229742 /* Frameworks */,
				90A8CFCB294BB40100229742 /* Resources */,
			);
			buildRules = (
			);
			dependencies = (
			);
			name = AlternativeChess;
			productName = AlternativeChess;
			productReference = 90A8CFCD294BB40100229742 /* AlternativeChess.app */;
			productType = "com.apple.product-type.application";
		};
		90A8CFE2294BB40300229742 /* AlternativeChessTests */ = {
			isa = PBXNativeTarget;
			buildConfigurationList = 90A8CFFA294BB40400229742 /* Build configuration list for PBXNativeTarget "AlternativeChessTests" */;
			buildPhases = (
				90A8CFDF294BB40300229742 /* Sources */,
				90A8CFE0294BB40300229742 /* Frameworks */,
				90A8CFE1294BB40300229742 /* Resources */,
			);
			buildRules = (
			);
			dependencies = (
				90A8CFE5294BB40300229742 /* PBXTargetDependency */,
			);
			name = AlternativeChessTests;
			productName = AlternativeChessTests;
			productReference = 90A8CFE3294BB40300229742 /* AlternativeChessTests.xctest */;
			productType = "com.apple.product-type.bundle.unit-test";
		};
/* End PBXNativeTarget section */

/* Begin PBXProject section */
		90A8CFC5294BB40100229742 /* Project object */ = {
			isa = PBXProject;
			attributes = {
				BuildIndependentTargetsInParallel = 1;
				LastSwiftUpdateCheck = 1400;
				LastUpgradeCheck = 1400;
				TargetAttributes = {
					90A8CFCC294BB40100229742 = {
						CreatedOnToolsVersion = 14.0.1;
					};
					90A8CFE2294BB40300229742 = {
						CreatedOnToolsVersion = 14.0.1;
						TestTargetID = 90A8CFCC294BB40100229742;
					};
				};
			};
			buildConfigurationList = 90A8CFC8294BB40100229742 /* Build configuration list for PBXProject "AlternativeChess" */;
			compatibilityVersion = "Xcode 14.0";
			developmentRegion = en;
			hasScannedForEncodings = 0;
			knownRegions = (
				en,
				Base,
			);
			mainGroup = 90A8CFC4294BB40100229742;
			productRefGroup = 90A8CFCE294BB40100229742 /* Products */;
			projectDirPath = "";
			projectRoot = "";
			targets = (
				90A8CFCC294BB40100229742 /* AlternativeChess */,
				90A8CFE2294BB40300229742 /* AlternativeChessTests */,
			);
		};
/* End PBXProject section */

/* Begin PBXResourcesBuildPhase section */
		90A8CFCB294BB40100229742 /* Resources */ = {
			isa = PBXResourcesBuildPhase;
			buildActionMask = 2147483647;
			files = (
				90A8CFDD294BB40300229742 /* LaunchScreen.storyboard in Resources */,
				90A8CFDA294BB40300229742 /* Assets.xcassets in Resources */,
				90A8CFD8294BB40100229742 /* Main.storyboard in Resources */,
			);
			runOnlyForDeploymentPostprocessing = 0;
		};
		90A8CFE1294BB40300229742 /* Resources */ = {
			isa = PBXResourcesBuildPhase;
			buildActionMask = 2147483647;
			files = (
			);
			runOnlyForDeploymentPostprocessing = 0;
		};
/* End PBXResourcesBuildPhase section */

/* Begin PBXSourcesBuildPhase section */
		90A8CFC9294BB40100229742 /* Sources */ = {
			isa = PBXSourcesBuildPhase;
			buildActionMask = 2147483647;
			files = (
				BD505F492974270A00890A77 /* ChessEngine.swift in Sources */,
				BD505F4D2974276C00890A77 /* ChessBoard.swift in Sources */,
				90A8CFD5294BB40100229742 /* ChessBoardViewController.swift in Sources */,
				90A8CFD1294BB40100229742 /* AppDelegate.swift in Sources */,
				BD505F4B2974273900890A77 /* ChessPiece.swift in Sources */,
				90A8CFD3294BB40100229742 /* SceneDelegate.swift in Sources */,
			);
			runOnlyForDeploymentPostprocessing = 0;
		};
		90A8CFDF294BB40300229742 /* Sources */ = {
			isa = PBXSourcesBuildPhase;
			buildActionMask = 2147483647;
			files = (
				90A8CFE8294BB40300229742 /* AlternativeChessTests.swift in Sources */,
			);
			runOnlyForDeploymentPostprocessing = 0;
		};
/* End PBXSourcesBuildPhase section */

/* Begin PBXTargetDependency section */
		90A8CFE5294BB40300229742 /* PBXTargetDependency */ = {
			isa = PBXTargetDependency;
			target = 90A8CFCC294BB40100229742 /* AlternativeChess */;
			targetProxy = 90A8CFE4294BB40300229742 /* PBXContainerItemProxy */;
		};
/* End PBXTargetDependency section */

/* Begin PBXVariantGroup section */
		90A8CFD6294BB40100229742 /* Main.storyboard */ = {
			isa = PBXVariantGroup;
			children = (
				90A8CFD7294BB40100229742 /* Base */,
			);
			name = Main.storyboard;
			sourceTree = "<group>";
		};
		90A8CFDB294BB40300229742 /* LaunchScreen.storyboard */ = {
			isa = PBXVariantGroup;
			children = (
				90A8CFDC294BB40300229742 /* Base */,
			);
			name = LaunchScreen.storyboard;
			sourceTree = "<group>";
		};
/* End PBXVariantGroup section */

/* Begin XCBuildConfiguration section */
		90A8CFF5294BB40400229742 /* Debug */ = {
			isa = XCBuildConfiguration;
			buildSettings = {
				ALWAYS_SEARCH_USER_PATHS = NO;
				CLANG_ANALYZER_NONNULL = YES;
				CLANG_ANALYZER_NUMBER_OBJECT_CONVERSION = YES_AGGRESSIVE;
				CLANG_CXX_LANGUAGE_STANDARD = "gnu++20";
				CLANG_ENABLE_MODULES = YES;
				CLANG_ENABLE_OBJC_ARC = YES;
				CLANG_ENABLE_OBJC_WEAK = YES;
				CLANG_WARN_BLOCK_CAPTURE_AUTORELEASING = YES;
				CLANG_WARN_BOOL_CONVERSION = YES;
				CLANG_WARN_COMMA = YES;
				CLANG_WARN_CONSTANT_CONVERSION = YES;
				CLANG_WARN_DEPRECATED_OBJC_IMPLEMENTATIONS = YES;
				CLANG_WARN_DIRECT_OBJC_ISA_USAGE = YES_ERROR;
				CLANG_WARN_DOCUMENTATION_COMMENTS = YES;
				CLANG_WARN_EMPTY_BODY = YES;
				CLANG_WARN_ENUM_CONVERSION = YES;
				CLANG_WARN_INFINITE_RECURSION = YES;
				CLANG_WARN_INT_CONVERSION = YES;
				CLANG_WARN_NON_LITERAL_NULL_CONVERSION = YES;
				CLANG_WARN_OBJC_IMPLICIT_RETAIN_SELF = YES;
				CLANG_WARN_OBJC_LITERAL_CONVERSION = YES;
				CLANG_WARN_OBJC_ROOT_CLASS = YES_ERROR;
				CLANG_WARN_QUOTED_INCLUDE_IN_FRAMEWORK_HEADER = YES;
				CLANG_WARN_RANGE_LOOP_ANALYSIS = YES;
				CLANG_WARN_STRICT_PROTOTYPES = YES;
				CLANG_WARN_SUSPICIOUS_MOVE = YES;
				CLANG_WARN_UNGUARDED_AVAILABILITY = YES_AGGRESSIVE;
				CLANG_WARN_UNREACHABLE_CODE = YES;
				CLANG_WARN__DUPLICATE_METHOD_MATCH = YES;
				COPY_PHASE_STRIP = NO;
				DEBUG_INFORMATION_FORMAT = dwarf;
				ENABLE_STRICT_OBJC_MSGSEND = YES;
				ENABLE_TESTABILITY = YES;
				GCC_C_LANGUAGE_STANDARD = gnu11;
				GCC_DYNAMIC_NO_PIC = NO;
				GCC_NO_COMMON_BLOCKS = YES;
				GCC_OPTIMIZATION_LEVEL = 0;
				GCC_PREPROCESSOR_DEFINITIONS = (
					"DEBUG=1",
					"$(inherited)",
				);
				GCC_WARN_64_TO_32_BIT_CONVERSION = YES;
				GCC_WARN_ABOUT_RETURN_TYPE = YES_ERROR;
				GCC_WARN_UNDECLARED_SELECTOR = YES;
				GCC_WARN_UNINITIALIZED_AUTOS = YES_AGGRESSIVE;
				GCC_WARN_UNUSED_FUNCTION = YES;
				GCC_WARN_UNUSED_VARIABLE = YES;
				IPHONEOS_DEPLOYMENT_TARGET = 16.0;
				MTL_ENABLE_DEBUG_INFO = INCLUDE_SOURCE;
				MTL_FAST_MATH = YES;
				ONLY_ACTIVE_ARCH = YES;
				SDKROOT = iphoneos;
				SWIFT_ACTIVE_COMPILATION_CONDITIONS = DEBUG;
				SWIFT_OPTIMIZATION_LEVEL = "-Onone";
			};
			name = Debug;
		};
		90A8CFF6294BB40400229742 /* Release */ = {
			isa = XCBuildConfiguration;
			buildSettings = {
				ALWAYS_SEARCH_USER_PATHS = NO;
				CLANG_ANALYZER_NONNULL = YES;
				CLANG_ANALYZER_NUMBER_OBJECT_CONVERSION = YES_AGGRESSIVE;
				CLANG_CXX_LANGUAGE_STANDARD = "gnu++20";
				CLANG_ENABLE_MODULES = YES;
				CLANG_ENABLE_OBJC_ARC = YES;
				CLANG_ENABLE_OBJC_WEAK = YES;
				CLANG_WARN_BLOCK_CAPTURE_AUTORELEASING = YES;
				CLANG_WARN_BOOL_CONVERSION = YES;
				CLANG_WARN_COMMA = YES;
				CLANG_WARN_CONSTANT_CONVERSION = YES;
				CLANG_WARN_DEPRECATED_OBJC_IMPLEMENTATIONS = YES;
				CLANG_WARN_DIRECT_OBJC_ISA_USAGE = YES_ERROR;
				CLANG_WARN_DOCUMENTATION_COMMENTS = YES;
				CLANG_WARN_EMPTY_BODY = YES;
				CLANG_WARN_ENUM_CONVERSION = YES;
				CLANG_WARN_INFINITE_RECURSION = YES;
				CLANG_WARN_INT_CONVERSION = YES;
				CLANG_WARN_NON_LITERAL_NULL_CONVERSION = YES;
				CLANG_WARN_OBJC_IMPLICIT_RETAIN_SELF = YES;
				CLANG_WARN_OBJC_LITERAL_CONVERSION = YES;
				CLANG_WARN_OBJC_ROOT_CLASS = YES_ERROR;
				CLANG_WARN_QUOTED_INCLUDE_IN_FRAMEWORK_HEADER = YES;
				CLANG_WARN_RANGE_LOOP_ANALYSIS = YES;
				CLANG_WARN_STRICT_PROTOTYPES = YES;
				CLANG_WARN_SUSPICIOUS_MOVE = YES;
				CLANG_WARN_UNGUARDED_AVAILABILITY = YES_AGGRESSIVE;
				CLANG_WARN_UNREACHABLE_CODE = YES;
				CLANG_WARN__DUPLICATE_METHOD_MATCH = YES;
				COPY_PHASE_STRIP = NO;
				DEBUG_INFORMATION_FORMAT = "dwarf-with-dsym";
				ENABLE_NS_ASSERTIONS = NO;
				ENABLE_STRICT_OBJC_MSGSEND = YES;
				GCC_C_LANGUAGE_STANDARD = gnu11;
				GCC_NO_COMMON_BLOCKS = YES;
				GCC_WARN_64_TO_32_BIT_CONVERSION = YES;
				GCC_WARN_ABOUT_RETURN_TYPE = YES_ERROR;
				GCC_WARN_UNDECLARED_SELECTOR = YES;
				GCC_WARN_UNINITIALIZED_AUTOS = YES_AGGRESSIVE;
				GCC_WARN_UNUSED_FUNCTION = YES;
				GCC_WARN_UNUSED_VARIABLE = YES;
				IPHONEOS_DEPLOYMENT_TARGET = 16.0;
				MTL_ENABLE_DEBUG_INFO = NO;
				MTL_FAST_MATH = YES;
				SDKROOT = iphoneos;
				SWIFT_COMPILATION_MODE = wholemodule;
				SWIFT_OPTIMIZATION_LEVEL = "-O";
				VALIDATE_PRODUCT = YES;
			};
			name = Release;
		};
		90A8CFF8294BB40400229742 /* Debug */ = {
			isa = XCBuildConfiguration;
			buildSettings = {
				ASSETCATALOG_COMPILER_APPICON_NAME = AppIcon;
				ASSETCATALOG_COMPILER_GLOBAL_ACCENT_COLOR_NAME = AccentColor;
				CODE_SIGN_STYLE = Automatic;
				CURRENT_PROJECT_VERSION = 1;
				DEVELOPMENT_TEAM = JA73KXA2KR;
				GENERATE_INFOPLIST_FILE = YES;
				INFOPLIST_FILE = AlternativeChess/Info.plist;
				INFOPLIST_KEY_UIApplicationSupportsIndirectInputEvents = YES;
				INFOPLIST_KEY_UILaunchStoryboardName = LaunchScreen;
				INFOPLIST_KEY_UIMainStoryboardFile = Main;
				INFOPLIST_KEY_UISupportedInterfaceOrientations_iPad = "UIInterfaceOrientationPortrait UIInterfaceOrientationPortraitUpsideDown UIInterfaceOrientationLandscapeLeft UIInterfaceOrientationLandscapeRight";
				INFOPLIST_KEY_UISupportedInterfaceOrientations_iPhone = "UIInterfaceOrientationPortrait UIInterfaceOrientationLandscapeLeft UIInterfaceOrientationLandscapeRight";
				LD_RUNPATH_SEARCH_PATHS = (
					"$(inherited)",
					"@executable_path/Frameworks",
				);
				MARKETING_VERSION = 1.0;
				PRODUCT_BUNDLE_IDENTIFIER = com.petarbelokonski.AlternativeChess;
				PRODUCT_NAME = "$(TARGET_NAME)";
				SWIFT_EMIT_LOC_STRINGS = YES;
				SWIFT_VERSION = 5.0;
				TARGETED_DEVICE_FAMILY = "1,2";
			};
			name = Debug;
		};
		90A8CFF9294BB40400229742 /* Release */ = {
			isa = XCBuildConfiguration;
			buildSettings = {
				ASSETCATALOG_COMPILER_APPICON_NAME = AppIcon;
				ASSETCATALOG_COMPILER_GLOBAL_ACCENT_COLOR_NAME = AccentColor;
				CODE_SIGN_STYLE = Automatic;
				CURRENT_PROJECT_VERSION = 1;
				DEVELOPMENT_TEAM = JA73KXA2KR;
				GENERATE_INFOPLIST_FILE = YES;
				INFOPLIST_FILE = AlternativeChess/Info.plist;
				INFOPLIST_KEY_UIApplicationSupportsIndirectInputEvents = YES;
				INFOPLIST_KEY_UILaunchStoryboardName = LaunchScreen;
				INFOPLIST_KEY_UIMainStoryboardFile = Main;
				INFOPLIST_KEY_UISupportedInterfaceOrientations_iPad = "UIInterfaceOrientationPortrait UIInterfaceOrientationPortraitUpsideDown UIInterfaceOrientationLandscapeLeft UIInterfaceOrientationLandscapeRight";
				INFOPLIST_KEY_UISupportedInterfaceOrientations_iPhone = "UIInterfaceOrientationPortrait UIInterfaceOrientationLandscapeLeft UIInterfaceOrientationLandscapeRight";
				LD_RUNPATH_SEARCH_PATHS = (
					"$(inherited)",
					"@executable_path/Frameworks",
				);
				MARKETING_VERSION = 1.0;
				PRODUCT_BUNDLE_IDENTIFIER = com.petarbelokonski.AlternativeChess;
				PRODUCT_NAME = "$(TARGET_NAME)";
				SWIFT_EMIT_LOC_STRINGS = YES;
				SWIFT_VERSION = 5.0;
				TARGETED_DEVICE_FAMILY = "1,2";
			};
			name = Release;
		};
		90A8CFFB294BB40400229742 /* Debug */ = {
			isa = XCBuildConfiguration;
			buildSettings = {
				ALWAYS_EMBED_SWIFT_STANDARD_LIBRARIES = YES;
				BUNDLE_LOADER = "$(TEST_HOST)";
				CODE_SIGN_STYLE = Automatic;
				CURRENT_PROJECT_VERSION = 1;
				DEVELOPMENT_TEAM = JA73KXA2KR;
				GENERATE_INFOPLIST_FILE = YES;
				IPHONEOS_DEPLOYMENT_TARGET = 16.0;
				MARKETING_VERSION = 1.0;
				PRODUCT_BUNDLE_IDENTIFIER = com.petarbelokonski.AlternativeChessTests;
				PRODUCT_NAME = "$(TARGET_NAME)";
				SWIFT_EMIT_LOC_STRINGS = NO;
				SWIFT_VERSION = 5.0;
				TARGETED_DEVICE_FAMILY = "1,2";
				TEST_HOST = "$(BUILT_PRODUCTS_DIR)/AlternativeChess.app/$(BUNDLE_EXECUTABLE_FOLDER_PATH)/AlternativeChess";
			};
			name = Debug;
		};
		90A8CFFC294BB40400229742 /* Release */ = {
			isa = XCBuildConfiguration;
			buildSettings = {
				ALWAYS_EMBED_SWIFT_STANDARD_LIBRARIES = YES;
				BUNDLE_LOADER = "$(TEST_HOST)";
				CODE_SIGN_STYLE = Automatic;
				CURRENT_PROJECT_VERSION = 1;
				DEVELOPMENT_TEAM = JA73KXA2KR;
				GENERATE_INFOPLIST_FILE = YES;
				IPHONEOS_DEPLOYMENT_TARGET = 16.0;
				MARKETING_VERSION = 1.0;
				PRODUCT_BUNDLE_IDENTIFIER = com.petarbelokonski.AlternativeChessTests;
				PRODUCT_NAME = "$(TARGET_NAME)";
				SWIFT_EMIT_LOC_STRINGS = NO;
				SWIFT_VERSION = 5.0;
				TARGETED_DEVICE_FAMILY = "1,2";
				TEST_HOST = "$(BUILT_PRODUCTS_DIR)/AlternativeChess.app/$(BUNDLE_EXECUTABLE_FOLDER_PATH)/AlternativeChess";
			};
			name = Release;
		};
/* End XCBuildConfiguration section */

/* Begin XCConfigurationList section */
		90A8CFC8294BB40100229742 /* Build configuration list for PBXProject "AlternativeChess" */ = {
			isa = XCConfigurationList;
			buildConfigurations = (
				90A8CFF5294BB40400229742 /* Debug */,
				90A8CFF6294BB40400229742 /* Release */,
			);
			defaultConfigurationIsVisible = 0;
			defaultConfigurationName = Release;
		};
		90A8CFF7294BB40400229742 /* Build configuration list for PBXNativeTarget "AlternativeChess" */ = {
			isa = XCConfigurationList;
			buildConfigurations = (
				90A8CFF8294BB40400229742 /* Debug */,
				90A8CFF9294BB40400229742 /* Release */,
			);
			defaultConfigurationIsVisible = 0;
			defaultConfigurationName = Release;
		};
		90A8CFFA294BB40400229742 /* Build configuration list for PBXNativeTarget "AlternativeChessTests" */ = {
			isa = XCConfigurationList;
			buildConfigurations = (
				90A8CFFB294BB40400229742 /* Debug */,
				90A8CFFC294BB40400229742 /* Release */,
			);
			defaultConfigurationIsVisible = 0;
			defaultConfigurationName = Release;
		};
/* End XCConfigurationList section */
	};
	rootObject = 90A8CFC5294BB40100229742 /* Project object */;
}
